
Microsoft Visual Studio Solution File, Format Version 12.00
# Visual Studio 15
VisualStudioVersion = 15.0.27130.2027
MinimumVisualStudioVersion = 10.0.40219.1
Project("{9A19103F-16F7-4668-BE54-9A1E7A4F7556}") = "Structurizr.InfrastructureAsCode", "Structurizr.InfrastructureAsCode\Structurizr.InfrastructureAsCode.csproj", "{D3D0112B-81CA-4401-AD24-E6187698FBE3}"
EndProject
Project("{9A19103F-16F7-4668-BE54-9A1E7A4F7556}") = "Structurizr.InfrastructureAsCode.Azure", "Structurizr.InfrastructureAsCode.Azure\Structurizr.InfrastructureAsCode.Azure.csproj", "{0B9571E0-151B-4EBA-9E0F-1B4781A1FFDB}"
EndProject
Project("{9A19103F-16F7-4668-BE54-9A1E7A4F7556}") = "Structurizr.InfrastructureAsCode.Azure.Sample", "Structurizr.InfrastructureAsCode.Azure.Sample\Structurizr.InfrastructureAsCode.Azure.Sample.csproj", "{A129B28A-7950-468B-BC8D-84770AD5703F}"
EndProject
Project("{9A19103F-16F7-4668-BE54-9A1E7A4F7556}") = "Structurizr.InfrastructureAsCode.Tests", "Structurizr.InfrastructureAsCode.Tests\Structurizr.InfrastructureAsCode.Tests.csproj", "{9E76EE49-EEC8-4A8F-8E08-45F0B9F3823E}"
EndProject
Project("{9A19103F-16F7-4668-BE54-9A1E7A4F7556}") = "Structurizr.InfrastructureAsCode.Azure.Tests", "Structurizr.InfrastructureAsCode.Azure.Tests\Structurizr.InfrastructureAsCode.Azure.Tests.csproj", "{BBD72954-B28A-44B1-8033-564989FC807C}"
EndProject
Project("{2150E333-8FDC-42A3-9474-1A3956D46DE8}") = "Tests", "Tests", "{FCAA6029-470E-49C1-8EF3-5889B5430D3B}"
EndProject
Project("{9A19103F-16F7-4668-BE54-9A1E7A4F7556}") = "infrastructurizr", "infrastructurizr\infrastructurizr.csproj", "{07CD1DBC-A896-4A2C-B974-B6D2F8534C2C}"
EndProject
Project("{2150E333-8FDC-42A3-9474-1A3956D46DE8}") = "Sample", "Sample", "{877AF12C-651A-44DA-A41E-99FE4D926A8C}"
EndProject
Global
	GlobalSection(SolutionConfigurationPlatforms) = preSolution
		Debug|Any CPU = Debug|Any CPU
		Release|Any CPU = Release|Any CPU
	EndGlobalSection
	GlobalSection(ProjectConfigurationPlatforms) = postSolution
		{D3D0112B-81CA-4401-AD24-E6187698FBE3}.Debug|Any CPU.ActiveCfg = Debug|Any CPU
		{D3D0112B-81CA-4401-AD24-E6187698FBE3}.Debug|Any CPU.Build.0 = Debug|Any CPU
		{D3D0112B-81CA-4401-AD24-E6187698FBE3}.Release|Any CPU.ActiveCfg = Release|Any CPU
		{D3D0112B-81CA-4401-AD24-E6187698FBE3}.Release|Any CPU.Build.0 = Release|Any CPU
		{0B9571E0-151B-4EBA-9E0F-1B4781A1FFDB}.Debug|Any CPU.ActiveCfg = Debug|Any CPU
		{0B9571E0-151B-4EBA-9E0F-1B4781A1FFDB}.Debug|Any CPU.Build.0 = Debug|Any CPU
		{0B9571E0-151B-4EBA-9E0F-1B4781A1FFDB}.Release|Any CPU.ActiveCfg = Release|Any CPU
		{0B9571E0-151B-4EBA-9E0F-1B4781A1FFDB}.Release|Any CPU.Build.0 = Release|Any CPU
		{A129B28A-7950-468B-BC8D-84770AD5703F}.Debug|Any CPU.ActiveCfg = Debug|Any CPU
		{A129B28A-7950-468B-BC8D-84770AD5703F}.Debug|Any CPU.Build.0 = Debug|Any CPU
		{A129B28A-7950-468B-BC8D-84770AD5703F}.Release|Any CPU.ActiveCfg = Release|Any CPU
		{A129B28A-7950-468B-BC8D-84770AD5703F}.Release|Any CPU.Build.0 = Release|Any CPU
		{9E76EE49-EEC8-4A8F-8E08-45F0B9F3823E}.Debug|Any CPU.ActiveCfg = Debug|Any CPU
		{9E76EE49-EEC8-4A8F-8E08-45F0B9F3823E}.Debug|Any CPU.Build.0 = Debug|Any CPU
		{9E76EE49-EEC8-4A8F-8E08-45F0B9F3823E}.Release|Any CPU.ActiveCfg = Release|Any CPU
		{9E76EE49-EEC8-4A8F-8E08-45F0B9F3823E}.Release|Any CPU.Build.0 = Release|Any CPU
		{BBD72954-B28A-44B1-8033-564989FC807C}.Debug|Any CPU.ActiveCfg = Debug|Any CPU
		{BBD72954-B28A-44B1-8033-564989FC807C}.Debug|Any CPU.Build.0 = Debug|Any CPU
		{BBD72954-B28A-44B1-8033-564989FC807C}.Release|Any CPU.ActiveCfg = Release|Any CPU
		{BBD72954-B28A-44B1-8033-564989FC807C}.Release|Any CPU.Build.0 = Release|Any CPU
		{07CD1DBC-A896-4A2C-B974-B6D2F8534C2C}.Debug|Any CPU.ActiveCfg = Debug|Any CPU
		{07CD1DBC-A896-4A2C-B974-B6D2F8534C2C}.Debug|Any CPU.Build.0 = Debug|Any CPU
		{07CD1DBC-A896-4A2C-B974-B6D2F8534C2C}.Release|Any CPU.ActiveCfg = Release|Any CPU
		{07CD1DBC-A896-4A2C-B974-B6D2F8534C2C}.Release|Any CPU.Build.0 = Release|Any CPU
	EndGlobalSection
	GlobalSection(SolutionProperties) = preSolution
		HideSolutionNode = FALSE
	EndGlobalSection
	GlobalSection(NestedProjects) = preSolution
		{A129B28A-7950-468B-BC8D-84770AD5703F} = {877AF12C-651A-44DA-A41E-99FE4D926A8C}
		{9E76EE49-EEC8-4A8F-8E08-45F0B9F3823E} = {FCAA6029-470E-49C1-8EF3-5889B5430D3B}
		{BBD72954-B28A-44B1-8033-564989FC807C} = {FCAA6029-470E-49C1-8EF3-5889B5430D3B}
	EndGlobalSection
	GlobalSection(ExtensibilityGlobals) = postSolution
		SolutionGuid = {270F7792-760C-474E-92F5-5DAE3C8AAA07}
	EndGlobalSection
EndGlobal
